// !$*UTF8*$!
{
	archiveVersion = 1;
	classes = {
	};
	objectVersion = 70;
	objects = {

/* Begin PBXBuildFile section */
		A302BD7B2CF5DAFA0049B662 /* ContentView.swift in Sources */ = {isa = PBXBuildFile; fileRef = A302BD7A2CF5DAFA0049B662 /* ContentView.swift */; };
		A39819412C83C6CA00176CDD /* Assignment.swift in Sources */ = {isa = PBXBuildFile; fileRef = A39819402C83C6CA00176CDD /* Assignment.swift */; };
		A39847CA2C81CF4F006B72FF /* DateValue.swift in Sources */ = {isa = PBXBuildFile; fileRef = A39847B82C81CF4F006B72FF /* DateValue.swift */; };
		A39847CB2C81CF4F006B72FF /* AssignmentRegisterView.swift in Sources */ = {isa = PBXBuildFile; fileRef = A39847BA2C81CF4F006B72FF /* AssignmentRegisterView.swift */; };
		A39847CC2C81CF4F006B72FF /* AssignmentsHolderView.swift in Sources */ = {isa = PBXBuildFile; fileRef = A39847BB2C81CF4F006B72FF /* AssignmentsHolderView.swift */; };
		A39847CD2C81CF4F006B72FF /* AssignmentsView.swift in Sources */ = {isa = PBXBuildFile; fileRef = A39847BC2C81CF4F006B72FF /* AssignmentsView.swift */; };
		A39847CE2C81CF4F006B72FF /* DatePickerView.swift in Sources */ = {isa = PBXBuildFile; fileRef = A39847BD2C81CF4F006B72FF /* DatePickerView.swift */; };
		A39847CF2C81CF4F006B72FF /* ReminderView.swift in Sources */ = {isa = PBXBuildFile; fileRef = A39847BE2C81CF4F006B72FF /* ReminderView.swift */; };
		A39847D02C81CF4F006B72FF /* CoursesView.swift in Sources */ = {isa = PBXBuildFile; fileRef = A39847C02C81CF4F006B72FF /* CoursesView.swift */; };
		A39847D32C81CF4F006B72FF /* GradesView.swift in Sources */ = {isa = PBXBuildFile; fileRef = A39847C32C81CF4F006B72FF /* GradesView.swift */; };
		A39847D42C81CF4F006B72FF /* Home.swift in Sources */ = {isa = PBXBuildFile; fileRef = A39847C42C81CF4F006B72FF /* Home.swift */; };
		A39847D52C81CF4F006B72FF /* academic_reminderApp.swift in Sources */ = {isa = PBXBuildFile; fileRef = A39847C62C81CF4F006B72FF /* academic_reminderApp.swift */; };
		A3B7FE462CE351F6003010EF /* Reminder.swift in Sources */ = {isa = PBXBuildFile; fileRef = A3B7FE452CE351E8003010EF /* Reminder.swift */; };
		A3BF2A7E2CF53645004F3138 /* AppDelegate.swift in Sources */ = {isa = PBXBuildFile; fileRef = A3BF2A7D2CF5363D004F3138 /* AppDelegate.swift */; };
/* End PBXBuildFile section */

/* Begin PBXContainerItemProxy section */
		A3BF2A912CF56ED5004F3138 /* PBXContainerItemProxy */ = {
			isa = PBXContainerItemProxy;
			containerPortal = A32928DE2C790865007B1869 /* Project object */;
			proxyType = 1;
			remoteGlobalIDString = A32928E52C790865007B1869;
			remoteInfo = "academic-reminder";
		};
/* End PBXContainerItemProxy section */

/* Begin PBXFileReference section */
		A302BD7A2CF5DAFA0049B662 /* ContentView.swift */ = {isa = PBXFileReference; lastKnownFileType = sourcecode.swift; path = ContentView.swift; sourceTree = "<group>"; };
		A302BD7C2CF5DC9D0049B662 /* Info.plist */ = {isa = PBXFileReference; lastKnownFileType = text.plist.xml; path = Info.plist; sourceTree = "<group>"; };
		A32928E62C790865007B1869 /* academic-reminder.app */ = {isa = PBXFileReference; explicitFileType = wrapper.application; includeInIndex = 0; path = "academic-reminder.app"; sourceTree = BUILT_PRODUCTS_DIR; };
		A39819402C83C6CA00176CDD /* Assignment.swift */ = {isa = PBXFileReference; lastKnownFileType = sourcecode.swift; path = Assignment.swift; sourceTree = "<group>"; };
		A39847B82C81CF4F006B72FF /* DateValue.swift */ = {isa = PBXFileReference; fileEncoding = 4; lastKnownFileType = sourcecode.swift; path = DateValue.swift; sourceTree = "<group>"; };
		A39847BA2C81CF4F006B72FF /* AssignmentRegisterView.swift */ = {isa = PBXFileReference; fileEncoding = 4; lastKnownFileType = sourcecode.swift; path = AssignmentRegisterView.swift; sourceTree = "<group>"; };
		A39847BB2C81CF4F006B72FF /* AssignmentsHolderView.swift */ = {isa = PBXFileReference; fileEncoding = 4; lastKnownFileType = sourcecode.swift; path = AssignmentsHolderView.swift; sourceTree = "<group>"; };
		A39847BC2C81CF4F006B72FF /* AssignmentsView.swift */ = {isa = PBXFileReference; fileEncoding = 4; lastKnownFileType = sourcecode.swift; path = AssignmentsView.swift; sourceTree = "<group>"; };
		A39847BD2C81CF4F006B72FF /* DatePickerView.swift */ = {isa = PBXFileReference; fileEncoding = 4; lastKnownFileType = sourcecode.swift; path = DatePickerView.swift; sourceTree = "<group>"; };
		A39847BE2C81CF4F006B72FF /* ReminderView.swift */ = {isa = PBXFileReference; fileEncoding = 4; lastKnownFileType = sourcecode.swift; path = ReminderView.swift; sourceTree = "<group>"; };
		A39847C02C81CF4F006B72FF /* CoursesView.swift */ = {isa = PBXFileReference; fileEncoding = 4; lastKnownFileType = sourcecode.swift; path = CoursesView.swift; sourceTree = "<group>"; };
		A39847C32C81CF4F006B72FF /* GradesView.swift */ = {isa = PBXFileReference; fileEncoding = 4; lastKnownFileType = sourcecode.swift; path = GradesView.swift; sourceTree = "<group>"; };
		A39847C42C81CF4F006B72FF /* Home.swift */ = {isa = PBXFileReference; fileEncoding = 4; lastKnownFileType = sourcecode.swift; path = Home.swift; sourceTree = "<group>"; };
		A39847C62C81CF4F006B72FF /* academic_reminderApp.swift */ = {isa = PBXFileReference; fileEncoding = 4; lastKnownFileType = sourcecode.swift; path = academic_reminderApp.swift; sourceTree = "<group>"; };
		A39847C72C81CF4F006B72FF /* Assets.xcassets */ = {isa = PBXFileReference; lastKnownFileType = folder.assetcatalog; path = Assets.xcassets; sourceTree = "<group>"; };
		A3B7FE452CE351E8003010EF /* Reminder.swift */ = {isa = PBXFileReference; lastKnownFileType = sourcecode.swift; path = Reminder.swift; sourceTree = "<group>"; };
		A3BF2A7D2CF5363D004F3138 /* AppDelegate.swift */ = {isa = PBXFileReference; lastKnownFileType = sourcecode.swift; path = AppDelegate.swift; sourceTree = "<group>"; };
		A3BF2A8B2CF56ED5004F3138 /* academic-reminderUITests.xctest */ = {isa = PBXFileReference; explicitFileType = wrapper.cfbundle; includeInIndex = 0; path = "academic-reminderUITests.xctest"; sourceTree = BUILT_PRODUCTS_DIR; };
/* End PBXFileReference section */

/* Begin PBXFileSystemSynchronizedRootGroup section */
		A3BF2A8C2CF56ED5004F3138 /* academic-reminderUITests */ = {isa = PBXFileSystemSynchronizedRootGroup; explicitFileTypes = {}; explicitFolders = (); path = "academic-reminderUITests"; sourceTree = "<group>"; };
/* End PBXFileSystemSynchronizedRootGroup section */

/* Begin PBXFrameworksBuildPhase section */
		A32928E32C790865007B1869 /* Frameworks */ = {
			isa = PBXFrameworksBuildPhase;
			buildActionMask = 2147483647;
			files = (
			);
			runOnlyForDeploymentPostprocessing = 0;
		};
		A3BF2A882CF56ED5004F3138 /* Frameworks */ = {
			isa = PBXFrameworksBuildPhase;
			buildActionMask = 2147483647;
			files = (
			);
			runOnlyForDeploymentPostprocessing = 0;
		};
/* End PBXFrameworksBuildPhase section */

/* Begin PBXGroup section */
		A32928DD2C790865007B1869 = {
			isa = PBXGroup;
			children = (
				A39847C92C81CF4F006B72FF /* academic-reminder */,
				A3BF2A8C2CF56ED5004F3138 /* academic-reminderUITests */,
				A32928E72C790865007B1869 /* Products */,
			);
			sourceTree = "<group>";
		};
		A32928E72C790865007B1869 /* Products */ = {
			isa = PBXGroup;
			children = (
				A32928E62C790865007B1869 /* academic-reminder.app */,
				A3BF2A8B2CF56ED5004F3138 /* academic-reminderUITests.xctest */,
			);
			name = Products;
			sourceTree = "<group>";
		};
		A39847B92C81CF4F006B72FF /* Model */ = {
			isa = PBXGroup;
			children = (
				A3B7FE452CE351E8003010EF /* Reminder.swift */,
				A39847B82C81CF4F006B72FF /* DateValue.swift */,
				A39819402C83C6CA00176CDD /* Assignment.swift */,
			);
			path = Model;
			sourceTree = "<group>";
		};
		A39847BF2C81CF4F006B72FF /* AssignmentView */ = {
			isa = PBXGroup;
			children = (
				A39847BA2C81CF4F006B72FF /* AssignmentRegisterView.swift */,
				A39847BB2C81CF4F006B72FF /* AssignmentsHolderView.swift */,
				A39847BC2C81CF4F006B72FF /* AssignmentsView.swift */,
				A39847BD2C81CF4F006B72FF /* DatePickerView.swift */,
				A39847BE2C81CF4F006B72FF /* ReminderView.swift */,
			);
			path = AssignmentView;
			sourceTree = "<group>";
		};
		A39847C52C81CF4F006B72FF /* View */ = {
			isa = PBXGroup;
			children = (
				A39847BF2C81CF4F006B72FF /* AssignmentView */,
				A39847C02C81CF4F006B72FF /* CoursesView.swift */,
				A39847C32C81CF4F006B72FF /* GradesView.swift */,
				A39847C42C81CF4F006B72FF /* Home.swift */,
				A302BD7A2CF5DAFA0049B662 /* ContentView.swift */,
			);
			path = View;
			sourceTree = "<group>";
		};
		A39847C92C81CF4F006B72FF /* academic-reminder */ = {
			isa = PBXGroup;
			children = (
				A3BF2A7D2CF5363D004F3138 /* AppDelegate.swift */,
				A39847B92C81CF4F006B72FF /* Model */,
				A39847C52C81CF4F006B72FF /* View */,
				A39847C62C81CF4F006B72FF /* academic_reminderApp.swift */,
				A39847C72C81CF4F006B72FF /* Assets.xcassets */,
				A302BD7C2CF5DC9D0049B662 /* Info.plist */,
			);
			path = "academic-reminder";
			sourceTree = "<group>";
		};
/* End PBXGroup section */

/* Begin PBXNativeTarget section */
		A32928E52C790865007B1869 /* academic-reminder */ = {
			isa = PBXNativeTarget;
			buildConfigurationList = A32928F42C790866007B1869 /* Build configuration list for PBXNativeTarget "academic-reminder" */;
			buildPhases = (
				A32928E22C790865007B1869 /* Sources */,
				A32928E32C790865007B1869 /* Frameworks */,
				A32928E42C790865007B1869 /* Resources */,
			);
			buildRules = (
			);
			dependencies = (
			);
			name = "academic-reminder";
			productName = "academic-reminder";
			productReference = A32928E62C790865007B1869 /* academic-reminder.app */;
			productType = "com.apple.product-type.application";
		};
		A3BF2A8A2CF56ED5004F3138 /* academic-reminderUITests */ = {
			isa = PBXNativeTarget;
			buildConfigurationList = A3BF2A932CF56ED5004F3138 /* Build configuration list for PBXNativeTarget "academic-reminderUITests" */;
			buildPhases = (
				A3BF2A872CF56ED5004F3138 /* Sources */,
				A3BF2A882CF56ED5004F3138 /* Frameworks */,
				A3BF2A892CF56ED5004F3138 /* Resources */,
			);
			buildRules = (
			);
			dependencies = (
				A3BF2A922CF56ED5004F3138 /* PBXTargetDependency */,
			);
			fileSystemSynchronizedGroups = (
				A3BF2A8C2CF56ED5004F3138 /* academic-reminderUITests */,
			);
			name = "academic-reminderUITests";
			packageProductDependencies = (
			);
			productName = "academic-reminderUITests";
			productReference = A3BF2A8B2CF56ED5004F3138 /* academic-reminderUITests.xctest */;
			productType = "com.apple.product-type.bundle.ui-testing";
		};
/* End PBXNativeTarget section */

/* Begin PBXProject section */
		A32928DE2C790865007B1869 /* Project object */ = {
			isa = PBXProject;
			attributes = {
				BuildIndependentTargetsInParallel = 1;
				LastSwiftUpdateCheck = 1610;
				LastUpgradeCheck = 1540;
				TargetAttributes = {
					A32928E52C790865007B1869 = {
						CreatedOnToolsVersion = 15.4;
					};
					A3BF2A8A2CF56ED5004F3138 = {
						CreatedOnToolsVersion = 16.1;
						TestTargetID = A32928E52C790865007B1869;
					};
				};
			};
			buildConfigurationList = A32928E12C790865007B1869 /* Build configuration list for PBXProject "academic-reminder" */;
			compatibilityVersion = "Xcode 14.0";
			developmentRegion = en;
			hasScannedForEncodings = 0;
			knownRegions = (
				en,
				Base,
			);
			mainGroup = A32928DD2C790865007B1869;
			productRefGroup = A32928E72C790865007B1869 /* Products */;
			projectDirPath = "";
			projectRoot = "";
			targets = (
				A32928E52C790865007B1869 /* academic-reminder */,
				A3BF2A8A2CF56ED5004F3138 /* academic-reminderUITests */,
			);
		};
/* End PBXProject section */

/* Begin PBXResourcesBuildPhase section */
		A32928E42C790865007B1869 /* Resources */ = {
			isa = PBXResourcesBuildPhase;
			buildActionMask = 2147483647;
			files = (
			);
			runOnlyForDeploymentPostprocessing = 0;
		};
		A3BF2A892CF56ED5004F3138 /* Resources */ = {
			isa = PBXResourcesBuildPhase;
			buildActionMask = 2147483647;
			files = (
			);
			runOnlyForDeploymentPostprocessing = 0;
		};
/* End PBXResourcesBuildPhase section */

/* Begin PBXSourcesBuildPhase section */
		A32928E22C790865007B1869 /* Sources */ = {
			isa = PBXSourcesBuildPhase;
			buildActionMask = 2147483647;
			files = (
				A39847CB2C81CF4F006B72FF /* AssignmentRegisterView.swift in Sources */,
				A39819412C83C6CA00176CDD /* Assignment.swift in Sources */,
				A302BD7B2CF5DAFA0049B662 /* ContentView.swift in Sources */,
				A3BF2A7E2CF53645004F3138 /* AppDelegate.swift in Sources */,
				A39847CE2C81CF4F006B72FF /* DatePickerView.swift in Sources */,
				A39847D42C81CF4F006B72FF /* Home.swift in Sources */,
				A39847CF2C81CF4F006B72FF /* ReminderView.swift in Sources */,
				A39847D32C81CF4F006B72FF /* GradesView.swift in Sources */,
				A39847CC2C81CF4F006B72FF /* AssignmentsHolderView.swift in Sources */,
				A39847CA2C81CF4F006B72FF /* DateValue.swift in Sources */,
				A39847D02C81CF4F006B72FF /* CoursesView.swift in Sources */,
				A39847D52C81CF4F006B72FF /* academic_reminderApp.swift in Sources */,
				A39847CD2C81CF4F006B72FF /* AssignmentsView.swift in Sources */,
				A3B7FE462CE351F6003010EF /* Reminder.swift in Sources */,
			);
			runOnlyForDeploymentPostprocessing = 0;
		};
		A3BF2A872CF56ED5004F3138 /* Sources */ = {
			isa = PBXSourcesBuildPhase;
			buildActionMask = 2147483647;
			files = (
			);
			runOnlyForDeploymentPostprocessing = 0;
		};
/* End PBXSourcesBuildPhase section */

/* Begin PBXTargetDependency section */
		A3BF2A922CF56ED5004F3138 /* PBXTargetDependency */ = {
			isa = PBXTargetDependency;
			target = A32928E52C790865007B1869 /* academic-reminder */;
			targetProxy = A3BF2A912CF56ED5004F3138 /* PBXContainerItemProxy */;
		};
/* End PBXTargetDependency section */

/* Begin XCBuildConfiguration section */
		A32928F22C790866007B1869 /* Debug */ = {
			isa = XCBuildConfiguration;
			buildSettings = {
				ALWAYS_SEARCH_USER_PATHS = NO;
				ASSETCATALOG_COMPILER_GENERATE_SWIFT_ASSET_SYMBOL_EXTENSIONS = YES;
				CLANG_ANALYZER_NONNULL = YES;
				CLANG_ANALYZER_NUMBER_OBJECT_CONVERSION = YES_AGGRESSIVE;
				CLANG_CXX_LANGUAGE_STANDARD = "gnu++20";
				CLANG_ENABLE_MODULES = YES;
				CLANG_ENABLE_OBJC_ARC = YES;
				CLANG_ENABLE_OBJC_WEAK = YES;
				CLANG_WARN_BLOCK_CAPTURE_AUTORELEASING = YES;
				CLANG_WARN_BOOL_CONVERSION = YES;
				CLANG_WARN_COMMA = YES;
				CLANG_WARN_CONSTANT_CONVERSION = YES;
				CLANG_WARN_DEPRECATED_OBJC_IMPLEMENTATIONS = YES;
				CLANG_WARN_DIRECT_OBJC_ISA_USAGE = YES_ERROR;
				CLANG_WARN_DOCUMENTATION_COMMENTS = YES;
				CLANG_WARN_EMPTY_BODY = YES;
				CLANG_WARN_ENUM_CONVERSION = YES;
				CLANG_WARN_INFINITE_RECURSION = YES;
				CLANG_WARN_INT_CONVERSION = YES;
				CLANG_WARN_NON_LITERAL_NULL_CONVERSION = YES;
				CLANG_WARN_OBJC_IMPLICIT_RETAIN_SELF = YES;
				CLANG_WARN_OBJC_LITERAL_CONVERSION = YES;
				CLANG_WARN_OBJC_ROOT_CLASS = YES_ERROR;
				CLANG_WARN_QUOTED_INCLUDE_IN_FRAMEWORK_HEADER = YES;
				CLANG_WARN_RANGE_LOOP_ANALYSIS = YES;
				CLANG_WARN_STRICT_PROTOTYPES = YES;
				CLANG_WARN_SUSPICIOUS_MOVE = YES;
				CLANG_WARN_UNGUARDED_AVAILABILITY = YES_AGGRESSIVE;
				CLANG_WARN_UNREACHABLE_CODE = YES;
				CLANG_WARN__DUPLICATE_METHOD_MATCH = YES;
				COPY_PHASE_STRIP = NO;
				DEBUG_INFORMATION_FORMAT = dwarf;
				ENABLE_STRICT_OBJC_MSGSEND = YES;
				ENABLE_TESTABILITY = YES;
				ENABLE_USER_SCRIPT_SANDBOXING = YES;
				GCC_C_LANGUAGE_STANDARD = gnu17;
				GCC_DYNAMIC_NO_PIC = NO;
				GCC_NO_COMMON_BLOCKS = YES;
				GCC_OPTIMIZATION_LEVEL = 0;
				GCC_PREPROCESSOR_DEFINITIONS = (
					"DEBUG=1",
					"$(inherited)",
				);
				GCC_WARN_64_TO_32_BIT_CONVERSION = YES;
				GCC_WARN_ABOUT_RETURN_TYPE = YES_ERROR;
				GCC_WARN_UNDECLARED_SELECTOR = YES;
				GCC_WARN_UNINITIALIZED_AUTOS = YES_AGGRESSIVE;
				GCC_WARN_UNUSED_FUNCTION = YES;
				GCC_WARN_UNUSED_VARIABLE = YES;
				IPHONEOS_DEPLOYMENT_TARGET = 17.5;
				LOCALIZATION_PREFERS_STRING_CATALOGS = YES;
				MTL_ENABLE_DEBUG_INFO = INCLUDE_SOURCE;
				MTL_FAST_MATH = YES;
				ONLY_ACTIVE_ARCH = YES;
				SDKROOT = iphoneos;
				SWIFT_ACTIVE_COMPILATION_CONDITIONS = "DEBUG $(inherited)";
				SWIFT_OPTIMIZATION_LEVEL = "-Onone";
			};
			name = Debug;
		};
		A32928F32C790866007B1869 /* Release */ = {
			isa = XCBuildConfiguration;
			buildSettings = {
				ALWAYS_SEARCH_USER_PATHS = NO;
				ASSETCATALOG_COMPILER_GENERATE_SWIFT_ASSET_SYMBOL_EXTENSIONS = YES;
				CLANG_ANALYZER_NONNULL = YES;
				CLANG_ANALYZER_NUMBER_OBJECT_CONVERSION = YES_AGGRESSIVE;
				CLANG_CXX_LANGUAGE_STANDARD = "gnu++20";
				CLANG_ENABLE_MODULES = YES;
				CLANG_ENABLE_OBJC_ARC = YES;
				CLANG_ENABLE_OBJC_WEAK = YES;
				CLANG_WARN_BLOCK_CAPTURE_AUTORELEASING = YES;
				CLANG_WARN_BOOL_CONVERSION = YES;
				CLANG_WARN_COMMA = YES;
				CLANG_WARN_CONSTANT_CONVERSION = YES;
				CLANG_WARN_DEPRECATED_OBJC_IMPLEMENTATIONS = YES;
				CLANG_WARN_DIRECT_OBJC_ISA_USAGE = YES_ERROR;
				CLANG_WARN_DOCUMENTATION_COMMENTS = YES;
				CLANG_WARN_EMPTY_BODY = YES;
				CLANG_WARN_ENUM_CONVERSION = YES;
				CLANG_WARN_INFINITE_RECURSION = YES;
				CLANG_WARN_INT_CONVERSION = YES;
				CLANG_WARN_NON_LITERAL_NULL_CONVERSION = YES;
				CLANG_WARN_OBJC_IMPLICIT_RETAIN_SELF = YES;
				CLANG_WARN_OBJC_LITERAL_CONVERSION = YES;
				CLANG_WARN_OBJC_ROOT_CLASS = YES_ERROR;
				CLANG_WARN_QUOTED_INCLUDE_IN_FRAMEWORK_HEADER = YES;
				CLANG_WARN_RANGE_LOOP_ANALYSIS = YES;
				CLANG_WARN_STRICT_PROTOTYPES = YES;
				CLANG_WARN_SUSPICIOUS_MOVE = YES;
				CLANG_WARN_UNGUARDED_AVAILABILITY = YES_AGGRESSIVE;
				CLANG_WARN_UNREACHABLE_CODE = YES;
				CLANG_WARN__DUPLICATE_METHOD_MATCH = YES;
				COPY_PHASE_STRIP = NO;
				DEBUG_INFORMATION_FORMAT = "dwarf-with-dsym";
				ENABLE_NS_ASSERTIONS = NO;
				ENABLE_STRICT_OBJC_MSGSEND = YES;
				ENABLE_USER_SCRIPT_SANDBOXING = YES;
				GCC_C_LANGUAGE_STANDARD = gnu17;
				GCC_NO_COMMON_BLOCKS = YES;
				GCC_WARN_64_TO_32_BIT_CONVERSION = YES;
				GCC_WARN_ABOUT_RETURN_TYPE = YES_ERROR;
				GCC_WARN_UNDECLARED_SELECTOR = YES;
				GCC_WARN_UNINITIALIZED_AUTOS = YES_AGGRESSIVE;
				GCC_WARN_UNUSED_FUNCTION = YES;
				GCC_WARN_UNUSED_VARIABLE = YES;
				IPHONEOS_DEPLOYMENT_TARGET = 17.5;
				LOCALIZATION_PREFERS_STRING_CATALOGS = YES;
				MTL_ENABLE_DEBUG_INFO = NO;
				MTL_FAST_MATH = YES;
				SDKROOT = iphoneos;
				SWIFT_COMPILATION_MODE = wholemodule;
				VALIDATE_PRODUCT = YES;
			};
			name = Release;
		};
		A32928F52C790866007B1869 /* Debug */ = {
			isa = XCBuildConfiguration;
			buildSettings = {
				ASSETCATALOG_COMPILER_APPICON_NAME = AppIcon;
				ASSETCATALOG_COMPILER_GLOBAL_ACCENT_COLOR_NAME = AccentColor;
				CODE_SIGN_STYLE = Automatic;
				CURRENT_PROJECT_VERSION = 1;
				DEVELOPMENT_ASSET_PATHS = "";
				DEVELOPMENT_TEAM = RS6S6TR6L4;
				ENABLE_PREVIEWS = YES;
				GENERATE_INFOPLIST_FILE = YES;
				INFOPLIST_FILE = "academic-reminder/Info.plist";
				INFOPLIST_KEY_UIApplicationSceneManifest_Generation = YES;
				INFOPLIST_KEY_UIApplicationSupportsIndirectInputEvents = YES;
				INFOPLIST_KEY_UILaunchScreen_Generation = YES;
				INFOPLIST_KEY_UISupportedInterfaceOrientations_iPad = "UIInterfaceOrientationPortrait UIInterfaceOrientationPortraitUpsideDown UIInterfaceOrientationLandscapeLeft UIInterfaceOrientationLandscapeRight";
				INFOPLIST_KEY_UISupportedInterfaceOrientations_iPhone = "UIInterfaceOrientationPortrait UIInterfaceOrientationLandscapeLeft UIInterfaceOrientationLandscapeRight";
				LD_RUNPATH_SEARCH_PATHS = (
					"$(inherited)",
					"@executable_path/Frameworks",
				);
				MARKETING_VERSION = 1.0;
				PRODUCT_BUNDLE_IDENTIFIER = "com.julia.academic-reminder";
				PRODUCT_NAME = "$(TARGET_NAME)";
				SWIFT_EMIT_LOC_STRINGS = YES;
				SWIFT_VERSION = 5.0;
				TARGETED_DEVICE_FAMILY = "1,2";
			};
			name = Debug;
		};
		A32928F62C790866007B1869 /* Release */ = {
			isa = XCBuildConfiguration;
			buildSettings = {
				ASSETCATALOG_COMPILER_APPICON_NAME = AppIcon;
				ASSETCATALOG_COMPILER_GLOBAL_ACCENT_COLOR_NAME = AccentColor;
				CODE_SIGN_STYLE = Automatic;
				CURRENT_PROJECT_VERSION = 1;
				DEVELOPMENT_ASSET_PATHS = "";
				DEVELOPMENT_TEAM = RS6S6TR6L4;
				ENABLE_PREVIEWS = YES;
				GENERATE_INFOPLIST_FILE = YES;
				INFOPLIST_FILE = "academic-reminder/Info.plist";
				INFOPLIST_KEY_UIApplicationSceneManifest_Generation = YES;
				INFOPLIST_KEY_UIApplicationSupportsIndirectInputEvents = YES;
				INFOPLIST_KEY_UILaunchScreen_Generation = YES;
				INFOPLIST_KEY_UISupportedInterfaceOrientations_iPad = "UIInterfaceOrientationPortrait UIInterfaceOrientationPortraitUpsideDown UIInterfaceOrientationLandscapeLeft UIInterfaceOrientationLandscapeRight";
				INFOPLIST_KEY_UISupportedInterfaceOrientations_iPhone = "UIInterfaceOrientationPortrait UIInterfaceOrientationLandscapeLeft UIInterfaceOrientationLandscapeRight";
				LD_RUNPATH_SEARCH_PATHS = (
					"$(inherited)",
					"@executable_path/Frameworks",
				);
				MARKETING_VERSION = 1.0;
				PRODUCT_BUNDLE_IDENTIFIER = "com.julia.academic-reminder";
				PRODUCT_NAME = "$(TARGET_NAME)";
				SWIFT_EMIT_LOC_STRINGS = YES;
				SWIFT_VERSION = 5.0;
				TARGETED_DEVICE_FAMILY = "1,2";
			};
			name = Release;
		};
		A3BF2A942CF56ED5004F3138 /* Debug */ = {
			isa = XCBuildConfiguration;
			buildSettings = {
				CODE_SIGN_STYLE = Automatic;
				CURRENT_PROJECT_VERSION = 1;
				DEVELOPMENT_TEAM = RS6S6TR6L4;
				GENERATE_INFOPLIST_FILE = YES;
				IPHONEOS_DEPLOYMENT_TARGET = 18.1;
				MARKETING_VERSION = 1.0;
				PRODUCT_BUNDLE_IDENTIFIER = "com.julia.academic-reminderUITests";
				PRODUCT_NAME = "$(TARGET_NAME)";
				SWIFT_EMIT_LOC_STRINGS = NO;
				SWIFT_VERSION = 5.0;
				TARGETED_DEVICE_FAMILY = "1,2";
				TEST_TARGET_NAME = "academic-reminder";
			};
			name = Debug;
		};
		A3BF2A952CF56ED5004F3138 /* Release */ = {
			isa = XCBuildConfiguration;
			buildSettings = {
				CODE_SIGN_STYLE = Automatic;
				CURRENT_PROJECT_VERSION = 1;
				DEVELOPMENT_TEAM = RS6S6TR6L4;
				GENERATE_INFOPLIST_FILE = YES;
				IPHONEOS_DEPLOYMENT_TARGET = 18.1;
				MARKETING_VERSION = 1.0;
				PRODUCT_BUNDLE_IDENTIFIER = "com.julia.academic-reminderUITests";
				PRODUCT_NAME = "$(TARGET_NAME)";
				SWIFT_EMIT_LOC_STRINGS = NO;
				SWIFT_VERSION = 5.0;
				TARGETED_DEVICE_FAMILY = "1,2";
				TEST_TARGET_NAME = "academic-reminder";
			};
			name = Release;
		};
/* End XCBuildConfiguration section */

/* Begin XCConfigurationList section */
		A32928E12C790865007B1869 /* Build configuration list for PBXProject "academic-reminder" */ = {
			isa = XCConfigurationList;
			buildConfigurations = (
				A32928F22C790866007B1869 /* Debug */,
				A32928F32C790866007B1869 /* Release */,
			);
			defaultConfigurationIsVisible = 0;
			defaultConfigurationName = Release;
		};
		A32928F42C790866007B1869 /* Build configuration list for PBXNativeTarget "academic-reminder" */ = {
			isa = XCConfigurationList;
			buildConfigurations = (
				A32928F52C790866007B1869 /* Debug */,
				A32928F62C790866007B1869 /* Release */,
			);
			defaultConfigurationIsVisible = 0;
			defaultConfigurationName = Release;
		};
		A3BF2A932CF56ED5004F3138 /* Build configuration list for PBXNativeTarget "academic-reminderUITests" */ = {
			isa = XCConfigurationList;
			buildConfigurations = (
				A3BF2A942CF56ED5004F3138 /* Debug */,
				A3BF2A952CF56ED5004F3138 /* Release */,
			);
			defaultConfigurationIsVisible = 0;
			defaultConfigurationName = Release;
		};
/* End XCConfigurationList section */
	};
	rootObject = A32928DE2C790865007B1869 /* Project object */;
}
