// !$*UTF8*$!
{
	archiveVersion = 1;
	classes = {
	};
	objectVersion = 56;
	objects = {

/* Begin PBXBuildFile section */
		A32928EA2C790865007B1869 /* academic_reminderApp.swift in Sources */ = {isa = PBXBuildFile; fileRef = A32928E92C790865007B1869 /* academic_reminderApp.swift */; };
		A32928EC2C790865007B1869 /* ContentView.swift in Sources */ = {isa = PBXBuildFile; fileRef = A32928EB2C790865007B1869 /* ContentView.swift */; };
		A32928EE2C790866007B1869 /* Assets.xcassets in Resources */ = {isa = PBXBuildFile; fileRef = A32928ED2C790866007B1869 /* Assets.xcassets */; };
		A32928F12C790866007B1869 /* Preview Assets.xcassets in Resources */ = {isa = PBXBuildFile; fileRef = A32928F02C790866007B1869 /* Preview Assets.xcassets */; };
		A360D7452C791E67001552F6 /* DateValue.swift in Sources */ = {isa = PBXBuildFile; fileRef = A360D7432C791E67001552F6 /* DateValue.swift */; };
		A39847842C81CB06006B72FF /* AssignmentRegisterView.swift in Sources */ = {isa = PBXBuildFile; fileRef = A398476F2C81CB06006B72FF /* AssignmentRegisterView.swift */; };
		A39847852C81CB06006B72FF /* AssignmentsHolderView.swift in Sources */ = {isa = PBXBuildFile; fileRef = A39847702C81CB06006B72FF /* AssignmentsHolderView.swift */; };
		A39847862C81CB06006B72FF /* AssignmentsView.swift in Sources */ = {isa = PBXBuildFile; fileRef = A39847712C81CB06006B72FF /* AssignmentsView.swift */; };
		A39847872C81CB06006B72FF /* DatePickerView.swift in Sources */ = {isa = PBXBuildFile; fileRef = A39847722C81CB06006B72FF /* DatePickerView.swift */; };
		A39847882C81CB06006B72FF /* ReminderView.swift in Sources */ = {isa = PBXBuildFile; fileRef = A39847732C81CB06006B72FF /* ReminderView.swift */; };
		A39847892C81CB06006B72FF /* CalendarView.swift in Sources */ = {isa = PBXBuildFile; fileRef = A39847752C81CB06006B72FF /* CalendarView.swift */; };
		A398478A2C81CB06006B72FF /* database.swift in Sources */ = {isa = PBXBuildFile; fileRef = A39847762C81CB06006B72FF /* database.swift */; };
		A398478B2C81CB06006B72FF /* DateSample.swift in Sources */ = {isa = PBXBuildFile; fileRef = A39847772C81CB06006B72FF /* DateSample.swift */; };
		A398478C2C81CB06006B72FF /* DetailView.swift in Sources */ = {isa = PBXBuildFile; fileRef = A39847782C81CB06006B72FF /* DetailView.swift */; };
		A398478D2C81CB06006B72FF /* EventsCalendarView.swift in Sources */ = {isa = PBXBuildFile; fileRef = A39847792C81CB06006B72FF /* EventsCalendarView.swift */; };
		A398478E2C81CB06006B72FF /* plactice.swift in Sources */ = {isa = PBXBuildFile; fileRef = A398477A2C81CB06006B72FF /* plactice.swift */; };
		A39847912C81CB06006B72FF /* CoursesView.swift in Sources */ = {isa = PBXBuildFile; fileRef = A398477E2C81CB06006B72FF /* CoursesView.swift */; };
		A39847922C81CB06006B72FF /* DatePickerPopOver.swift in Sources */ = {isa = PBXBuildFile; fileRef = A398477F2C81CB06006B72FF /* DatePickerPopOver.swift */; };
		A39847932C81CB06006B72FF /* DBManager.swift in Sources */ = {isa = PBXBuildFile; fileRef = A39847802C81CB06006B72FF /* DBManager.swift */; };
		A39847942C81CB06006B72FF /* GradesView.swift in Sources */ = {isa = PBXBuildFile; fileRef = A39847812C81CB06006B72FF /* GradesView.swift */; };
		A39847952C81CB06006B72FF /* Home.swift in Sources */ = {isa = PBXBuildFile; fileRef = A39847822C81CB06006B72FF /* Home.swift */; };
/* End PBXBuildFile section */

/* Begin PBXFileReference section */
		A32928E62C790865007B1869 /* academic-reminder.app */ = {isa = PBXFileReference; explicitFileType = wrapper.application; includeInIndex = 0; path = "academic-reminder.app"; sourceTree = BUILT_PRODUCTS_DIR; };
		A32928E92C790865007B1869 /* academic_reminderApp.swift */ = {isa = PBXFileReference; lastKnownFileType = sourcecode.swift; path = academic_reminderApp.swift; sourceTree = "<group>"; };
		A32928EB2C790865007B1869 /* ContentView.swift */ = {isa = PBXFileReference; lastKnownFileType = sourcecode.swift; path = ContentView.swift; sourceTree = "<group>"; };
		A32928ED2C790866007B1869 /* Assets.xcassets */ = {isa = PBXFileReference; lastKnownFileType = folder.assetcatalog; path = Assets.xcassets; sourceTree = "<group>"; };
		A32928F02C790866007B1869 /* Preview Assets.xcassets */ = {isa = PBXFileReference; lastKnownFileType = folder.assetcatalog; path = "Preview Assets.xcassets"; sourceTree = "<group>"; };
		A360D7432C791E67001552F6 /* DateValue.swift */ = {isa = PBXFileReference; fileEncoding = 4; lastKnownFileType = sourcecode.swift; path = DateValue.swift; sourceTree = "<group>"; };
		A398476F2C81CB06006B72FF /* AssignmentRegisterView.swift */ = {isa = PBXFileReference; fileEncoding = 4; lastKnownFileType = sourcecode.swift; path = AssignmentRegisterView.swift; sourceTree = "<group>"; };
		A39847702C81CB06006B72FF /* AssignmentsHolderView.swift */ = {isa = PBXFileReference; fileEncoding = 4; lastKnownFileType = sourcecode.swift; path = AssignmentsHolderView.swift; sourceTree = "<group>"; };
		A39847712C81CB06006B72FF /* AssignmentsView.swift */ = {isa = PBXFileReference; fileEncoding = 4; lastKnownFileType = sourcecode.swift; path = AssignmentsView.swift; sourceTree = "<group>"; };
		A39847722C81CB06006B72FF /* DatePickerView.swift */ = {isa = PBXFileReference; fileEncoding = 4; lastKnownFileType = sourcecode.swift; path = DatePickerView.swift; sourceTree = "<group>"; };
		A39847732C81CB06006B72FF /* ReminderView.swift */ = {isa = PBXFileReference; fileEncoding = 4; lastKnownFileType = sourcecode.swift; path = ReminderView.swift; sourceTree = "<group>"; };
		A39847752C81CB06006B72FF /* CalendarView.swift */ = {isa = PBXFileReference; fileEncoding = 4; lastKnownFileType = sourcecode.swift; path = CalendarView.swift; sourceTree = "<group>"; };
		A39847762C81CB06006B72FF /* database.swift */ = {isa = PBXFileReference; fileEncoding = 4; lastKnownFileType = sourcecode.swift; path = database.swift; sourceTree = "<group>"; };
		A39847772C81CB06006B72FF /* DateSample.swift */ = {isa = PBXFileReference; fileEncoding = 4; lastKnownFileType = sourcecode.swift; path = DateSample.swift; sourceTree = "<group>"; };
		A39847782C81CB06006B72FF /* DetailView.swift */ = {isa = PBXFileReference; fileEncoding = 4; lastKnownFileType = sourcecode.swift; path = DetailView.swift; sourceTree = "<group>"; };
		A39847792C81CB06006B72FF /* EventsCalendarView.swift */ = {isa = PBXFileReference; fileEncoding = 4; lastKnownFileType = sourcecode.swift; path = EventsCalendarView.swift; sourceTree = "<group>"; };
		A398477A2C81CB06006B72FF /* plactice.swift */ = {isa = PBXFileReference; fileEncoding = 4; lastKnownFileType = sourcecode.swift; path = plactice.swift; sourceTree = "<group>"; };
		A398477E2C81CB06006B72FF /* CoursesView.swift */ = {isa = PBXFileReference; fileEncoding = 4; lastKnownFileType = sourcecode.swift; path = CoursesView.swift; sourceTree = "<group>"; };
		A398477F2C81CB06006B72FF /* DatePickerPopOver.swift */ = {isa = PBXFileReference; fileEncoding = 4; lastKnownFileType = sourcecode.swift; path = DatePickerPopOver.swift; sourceTree = "<group>"; };
		A39847802C81CB06006B72FF /* DBManager.swift */ = {isa = PBXFileReference; fileEncoding = 4; lastKnownFileType = sourcecode.swift; path = DBManager.swift; sourceTree = "<group>"; };
		A39847812C81CB06006B72FF /* GradesView.swift */ = {isa = PBXFileReference; fileEncoding = 4; lastKnownFileType = sourcecode.swift; path = GradesView.swift; sourceTree = "<group>"; };
		A39847822C81CB06006B72FF /* Home.swift */ = {isa = PBXFileReference; fileEncoding = 4; lastKnownFileType = sourcecode.swift; path = Home.swift; sourceTree = "<group>"; };
/* End PBXFileReference section */

/* Begin PBXFrameworksBuildPhase section */
		A32928E32C790865007B1869 /* Frameworks */ = {
			isa = PBXFrameworksBuildPhase;
			buildActionMask = 2147483647;
			files = (
			);
			runOnlyForDeploymentPostprocessing = 0;
		};
/* End PBXFrameworksBuildPhase section */

/* Begin PBXGroup section */
		A32928DD2C790865007B1869 = {
			isa = PBXGroup;
			children = (
				A32928E82C790865007B1869 /* academic-reminder */,
				A32928E72C790865007B1869 /* Products */,
			);
			sourceTree = "<group>";
		};
		A32928E72C790865007B1869 /* Products */ = {
			isa = PBXGroup;
			children = (
				A32928E62C790865007B1869 /* academic-reminder.app */,
			);
			name = Products;
			sourceTree = "<group>";
		};
		A32928E82C790865007B1869 /* academic-reminder */ = {
			isa = PBXGroup;
			children = (
				A39847832C81CB06006B72FF /* View copy */,
				A360D7442C791E67001552F6 /* Model */,
				A32928E92C790865007B1869 /* academic_reminderApp.swift */,
				A32928EB2C790865007B1869 /* ContentView.swift */,
				A32928ED2C790866007B1869 /* Assets.xcassets */,
				A32928EF2C790866007B1869 /* Preview Content */,
			);
			path = "academic-reminder";
			sourceTree = "<group>";
		};
		A32928EF2C790866007B1869 /* Preview Content */ = {
			isa = PBXGroup;
			children = (
				A32928F02C790866007B1869 /* Preview Assets.xcassets */,
			);
			path = "Preview Content";
			sourceTree = "<group>";
		};
		A360D7442C791E67001552F6 /* Model */ = {
			isa = PBXGroup;
			children = (
				A360D7432C791E67001552F6 /* DateValue.swift */,
			);
			path = Model;
			sourceTree = "<group>";
		};
		A39847742C81CB06006B72FF /* AssignmentView */ = {
			isa = PBXGroup;
			children = (
				A398476F2C81CB06006B72FF /* AssignmentRegisterView.swift */,
				A39847702C81CB06006B72FF /* AssignmentsHolderView.swift */,
				A39847712C81CB06006B72FF /* AssignmentsView.swift */,
				A39847722C81CB06006B72FF /* DatePickerView.swift */,
				A39847732C81CB06006B72FF /* ReminderView.swift */,
			);
			path = AssignmentView;
			sourceTree = "<group>";
		};
		A398477B2C81CB06006B72FF /* CalenderViewTab */ = {
			isa = PBXGroup;
			children = (
				A39847752C81CB06006B72FF /* CalendarView.swift */,
				A39847762C81CB06006B72FF /* database.swift */,
				A39847772C81CB06006B72FF /* DateSample.swift */,
				A39847782C81CB06006B72FF /* DetailView.swift */,
				A39847792C81CB06006B72FF /* EventsCalendarView.swift */,
				A398477A2C81CB06006B72FF /* plactice.swift */,
			);
			path = CalenderViewTab;
			sourceTree = "<group>";
		};
		A39847832C81CB06006B72FF /* View copy */ = {
			isa = PBXGroup;
			children = (
				A39847742C81CB06006B72FF /* AssignmentView */,
				A398477B2C81CB06006B72FF /* CalenderViewTab */,
				A398477E2C81CB06006B72FF /* CoursesView.swift */,
				A398477F2C81CB06006B72FF /* DatePickerPopOver.swift */,
				A39847802C81CB06006B72FF /* DBManager.swift */,
				A39847812C81CB06006B72FF /* GradesView.swift */,
				A39847822C81CB06006B72FF /* Home.swift */,
			);
			path = "View copy";
			sourceTree = "<group>";
		};
/* End PBXGroup section */

/* Begin PBXNativeTarget section */
		A32928E52C790865007B1869 /* academic-reminder */ = {
			isa = PBXNativeTarget;
			buildConfigurationList = A32928F42C790866007B1869 /* Build configuration list for PBXNativeTarget "academic-reminder" */;
			buildPhases = (
				A32928E22C790865007B1869 /* Sources */,
				A32928E32C790865007B1869 /* Frameworks */,
				A32928E42C790865007B1869 /* Resources */,
			);
			buildRules = (
			);
			dependencies = (
			);
			name = "academic-reminder";
			productName = "academic-reminder";
			productReference = A32928E62C790865007B1869 /* academic-reminder.app */;
			productType = "com.apple.product-type.application";
		};
/* End PBXNativeTarget section */

/* Begin PBXProject section */
		A32928DE2C790865007B1869 /* Project object */ = {
			isa = PBXProject;
			attributes = {
				BuildIndependentTargetsInParallel = 1;
				LastSwiftUpdateCheck = 1540;
				LastUpgradeCheck = 1540;
				TargetAttributes = {
					A32928E52C790865007B1869 = {
						CreatedOnToolsVersion = 15.4;
					};
				};
			};
			buildConfigurationList = A32928E12C790865007B1869 /* Build configuration list for PBXProject "academic-reminder" */;
			compatibilityVersion = "Xcode 14.0";
			developmentRegion = en;
			hasScannedForEncodings = 0;
			knownRegions = (
				en,
				Base,
			);
			mainGroup = A32928DD2C790865007B1869;
			productRefGroup = A32928E72C790865007B1869 /* Products */;
			projectDirPath = "";
			projectRoot = "";
			targets = (
				A32928E52C790865007B1869 /* academic-reminder */,
			);
		};
/* End PBXProject section */

/* Begin PBXResourcesBuildPhase section */
		A32928E42C790865007B1869 /* Resources */ = {
			isa = PBXResourcesBuildPhase;
			buildActionMask = 2147483647;
			files = (
				A32928F12C790866007B1869 /* Preview Assets.xcassets in Resources */,
				A32928EE2C790866007B1869 /* Assets.xcassets in Resources */,
			);
			runOnlyForDeploymentPostprocessing = 0;
		};
/* End PBXResourcesBuildPhase section */

/* Begin PBXSourcesBuildPhase section */
		A32928E22C790865007B1869 /* Sources */ = {
			isa = PBXSourcesBuildPhase;
			buildActionMask = 2147483647;
			files = (
				A39847842C81CB06006B72FF /* AssignmentRegisterView.swift in Sources */,
				A398478C2C81CB06006B72FF /* DetailView.swift in Sources */,
				A39847952C81CB06006B72FF /* Home.swift in Sources */,
				A39847862C81CB06006B72FF /* AssignmentsView.swift in Sources */,
				A398478B2C81CB06006B72FF /* DateSample.swift in Sources */,
				A39847922C81CB06006B72FF /* DatePickerPopOver.swift in Sources */,
				A398478E2C81CB06006B72FF /* plactice.swift in Sources */,
				A39847852C81CB06006B72FF /* AssignmentsHolderView.swift in Sources */,
				A360D7452C791E67001552F6 /* DateValue.swift in Sources */,
				A39847872C81CB06006B72FF /* DatePickerView.swift in Sources */,
				A39847892C81CB06006B72FF /* CalendarView.swift in Sources */,
				A32928EC2C790865007B1869 /* ContentView.swift in Sources */,
				A39847942C81CB06006B72FF /* GradesView.swift in Sources */,
				A39847912C81CB06006B72FF /* CoursesView.swift in Sources */,
				A39847932C81CB06006B72FF /* DBManager.swift in Sources */,
				A398478D2C81CB06006B72FF /* EventsCalendarView.swift in Sources */,
				A39847882C81CB06006B72FF /* ReminderView.swift in Sources */,
				A398478A2C81CB06006B72FF /* database.swift in Sources */,
				A32928EA2C790865007B1869 /* academic_reminderApp.swift in Sources */,
			);
			runOnlyForDeploymentPostprocessing = 0;
		};
/* End PBXSourcesBuildPhase section */

/* Begin XCBuildConfiguration section */
		A32928F22C790866007B1869 /* Debug */ = {
			isa = XCBuildConfiguration;
			buildSettings = {
				ALWAYS_SEARCH_USER_PATHS = NO;
				ASSETCATALOG_COMPILER_GENERATE_SWIFT_ASSET_SYMBOL_EXTENSIONS = YES;
				CLANG_ANALYZER_NONNULL = YES;
				CLANG_ANALYZER_NUMBER_OBJECT_CONVERSION = YES_AGGRESSIVE;
				CLANG_CXX_LANGUAGE_STANDARD = "gnu++20";
				CLANG_ENABLE_MODULES = YES;
				CLANG_ENABLE_OBJC_ARC = YES;
				CLANG_ENABLE_OBJC_WEAK = YES;
				CLANG_WARN_BLOCK_CAPTURE_AUTORELEASING = YES;
				CLANG_WARN_BOOL_CONVERSION = YES;
				CLANG_WARN_COMMA = YES;
				CLANG_WARN_CONSTANT_CONVERSION = YES;
				CLANG_WARN_DEPRECATED_OBJC_IMPLEMENTATIONS = YES;
				CLANG_WARN_DIRECT_OBJC_ISA_USAGE = YES_ERROR;
				CLANG_WARN_DOCUMENTATION_COMMENTS = YES;
				CLANG_WARN_EMPTY_BODY = YES;
				CLANG_WARN_ENUM_CONVERSION = YES;
				CLANG_WARN_INFINITE_RECURSION = YES;
				CLANG_WARN_INT_CONVERSION = YES;
				CLANG_WARN_NON_LITERAL_NULL_CONVERSION = YES;
				CLANG_WARN_OBJC_IMPLICIT_RETAIN_SELF = YES;
				CLANG_WARN_OBJC_LITERAL_CONVERSION = YES;
				CLANG_WARN_OBJC_ROOT_CLASS = YES_ERROR;
				CLANG_WARN_QUOTED_INCLUDE_IN_FRAMEWORK_HEADER = YES;
				CLANG_WARN_RANGE_LOOP_ANALYSIS = YES;
				CLANG_WARN_STRICT_PROTOTYPES = YES;
				CLANG_WARN_SUSPICIOUS_MOVE = YES;
				CLANG_WARN_UNGUARDED_AVAILABILITY = YES_AGGRESSIVE;
				CLANG_WARN_UNREACHABLE_CODE = YES;
				CLANG_WARN__DUPLICATE_METHOD_MATCH = YES;
				COPY_PHASE_STRIP = NO;
				DEBUG_INFORMATION_FORMAT = dwarf;
				ENABLE_STRICT_OBJC_MSGSEND = YES;
				ENABLE_TESTABILITY = YES;
				ENABLE_USER_SCRIPT_SANDBOXING = YES;
				GCC_C_LANGUAGE_STANDARD = gnu17;
				GCC_DYNAMIC_NO_PIC = NO;
				GCC_NO_COMMON_BLOCKS = YES;
				GCC_OPTIMIZATION_LEVEL = 0;
				GCC_PREPROCESSOR_DEFINITIONS = (
					"DEBUG=1",
					"$(inherited)",
				);
				GCC_WARN_64_TO_32_BIT_CONVERSION = YES;
				GCC_WARN_ABOUT_RETURN_TYPE = YES_ERROR;
				GCC_WARN_UNDECLARED_SELECTOR = YES;
				GCC_WARN_UNINITIALIZED_AUTOS = YES_AGGRESSIVE;
				GCC_WARN_UNUSED_FUNCTION = YES;
				GCC_WARN_UNUSED_VARIABLE = YES;
				IPHONEOS_DEPLOYMENT_TARGET = 17.5;
				LOCALIZATION_PREFERS_STRING_CATALOGS = YES;
				MTL_ENABLE_DEBUG_INFO = INCLUDE_SOURCE;
				MTL_FAST_MATH = YES;
				ONLY_ACTIVE_ARCH = YES;
				SDKROOT = iphoneos;
				SWIFT_ACTIVE_COMPILATION_CONDITIONS = "DEBUG $(inherited)";
				SWIFT_OPTIMIZATION_LEVEL = "-Onone";
			};
			name = Debug;
		};
		A32928F32C790866007B1869 /* Release */ = {
			isa = XCBuildConfiguration;
			buildSettings = {
				ALWAYS_SEARCH_USER_PATHS = NO;
				ASSETCATALOG_COMPILER_GENERATE_SWIFT_ASSET_SYMBOL_EXTENSIONS = YES;
				CLANG_ANALYZER_NONNULL = YES;
				CLANG_ANALYZER_NUMBER_OBJECT_CONVERSION = YES_AGGRESSIVE;
				CLANG_CXX_LANGUAGE_STANDARD = "gnu++20";
				CLANG_ENABLE_MODULES = YES;
				CLANG_ENABLE_OBJC_ARC = YES;
				CLANG_ENABLE_OBJC_WEAK = YES;
				CLANG_WARN_BLOCK_CAPTURE_AUTORELEASING = YES;
				CLANG_WARN_BOOL_CONVERSION = YES;
				CLANG_WARN_COMMA = YES;
				CLANG_WARN_CONSTANT_CONVERSION = YES;
				CLANG_WARN_DEPRECATED_OBJC_IMPLEMENTATIONS = YES;
				CLANG_WARN_DIRECT_OBJC_ISA_USAGE = YES_ERROR;
				CLANG_WARN_DOCUMENTATION_COMMENTS = YES;
				CLANG_WARN_EMPTY_BODY = YES;
				CLANG_WARN_ENUM_CONVERSION = YES;
				CLANG_WARN_INFINITE_RECURSION = YES;
				CLANG_WARN_INT_CONVERSION = YES;
				CLANG_WARN_NON_LITERAL_NULL_CONVERSION = YES;
				CLANG_WARN_OBJC_IMPLICIT_RETAIN_SELF = YES;
				CLANG_WARN_OBJC_LITERAL_CONVERSION = YES;
				CLANG_WARN_OBJC_ROOT_CLASS = YES_ERROR;
				CLANG_WARN_QUOTED_INCLUDE_IN_FRAMEWORK_HEADER = YES;
				CLANG_WARN_RANGE_LOOP_ANALYSIS = YES;
				CLANG_WARN_STRICT_PROTOTYPES = YES;
				CLANG_WARN_SUSPICIOUS_MOVE = YES;
				CLANG_WARN_UNGUARDED_AVAILABILITY = YES_AGGRESSIVE;
				CLANG_WARN_UNREACHABLE_CODE = YES;
				CLANG_WARN__DUPLICATE_METHOD_MATCH = YES;
				COPY_PHASE_STRIP = NO;
				DEBUG_INFORMATION_FORMAT = "dwarf-with-dsym";
				ENABLE_NS_ASSERTIONS = NO;
				ENABLE_STRICT_OBJC_MSGSEND = YES;
				ENABLE_USER_SCRIPT_SANDBOXING = YES;
				GCC_C_LANGUAGE_STANDARD = gnu17;
				GCC_NO_COMMON_BLOCKS = YES;
				GCC_WARN_64_TO_32_BIT_CONVERSION = YES;
				GCC_WARN_ABOUT_RETURN_TYPE = YES_ERROR;
				GCC_WARN_UNDECLARED_SELECTOR = YES;
				GCC_WARN_UNINITIALIZED_AUTOS = YES_AGGRESSIVE;
				GCC_WARN_UNUSED_FUNCTION = YES;
				GCC_WARN_UNUSED_VARIABLE = YES;
				IPHONEOS_DEPLOYMENT_TARGET = 17.5;
				LOCALIZATION_PREFERS_STRING_CATALOGS = YES;
				MTL_ENABLE_DEBUG_INFO = NO;
				MTL_FAST_MATH = YES;
				SDKROOT = iphoneos;
				SWIFT_COMPILATION_MODE = wholemodule;
				VALIDATE_PRODUCT = YES;
			};
			name = Release;
		};
		A32928F52C790866007B1869 /* Debug */ = {
			isa = XCBuildConfiguration;
			buildSettings = {
				ASSETCATALOG_COMPILER_APPICON_NAME = AppIcon;
				ASSETCATALOG_COMPILER_GLOBAL_ACCENT_COLOR_NAME = AccentColor;
				CODE_SIGN_STYLE = Automatic;
				CURRENT_PROJECT_VERSION = 1;
				DEVELOPMENT_ASSET_PATHS = "\"academic-reminder/Preview Content\"";
				DEVELOPMENT_TEAM = RS6S6TR6L4;
				ENABLE_PREVIEWS = YES;
				GENERATE_INFOPLIST_FILE = YES;
				INFOPLIST_KEY_UIApplicationSceneManifest_Generation = YES;
				INFOPLIST_KEY_UIApplicationSupportsIndirectInputEvents = YES;
				INFOPLIST_KEY_UILaunchScreen_Generation = YES;
				INFOPLIST_KEY_UISupportedInterfaceOrientations_iPad = "UIInterfaceOrientationPortrait UIInterfaceOrientationPortraitUpsideDown UIInterfaceOrientationLandscapeLeft UIInterfaceOrientationLandscapeRight";
				INFOPLIST_KEY_UISupportedInterfaceOrientations_iPhone = "UIInterfaceOrientationPortrait UIInterfaceOrientationLandscapeLeft UIInterfaceOrientationLandscapeRight";
				LD_RUNPATH_SEARCH_PATHS = (
					"$(inherited)",
					"@executable_path/Frameworks",
				);
				MARKETING_VERSION = 1.0;
				PRODUCT_BUNDLE_IDENTIFIER = "com.julia.academic-reminder";
				PRODUCT_NAME = "$(TARGET_NAME)";
				SWIFT_EMIT_LOC_STRINGS = YES;
				SWIFT_VERSION = 5.0;
				TARGETED_DEVICE_FAMILY = "1,2";
			};
			name = Debug;
		};
		A32928F62C790866007B1869 /* Release */ = {
			isa = XCBuildConfiguration;
			buildSettings = {
				ASSETCATALOG_COMPILER_APPICON_NAME = AppIcon;
				ASSETCATALOG_COMPILER_GLOBAL_ACCENT_COLOR_NAME = AccentColor;
				CODE_SIGN_STYLE = Automatic;
				CURRENT_PROJECT_VERSION = 1;
				DEVELOPMENT_ASSET_PATHS = "\"academic-reminder/Preview Content\"";
				DEVELOPMENT_TEAM = RS6S6TR6L4;
				ENABLE_PREVIEWS = YES;
				GENERATE_INFOPLIST_FILE = YES;
				INFOPLIST_KEY_UIApplicationSceneManifest_Generation = YES;
				INFOPLIST_KEY_UIApplicationSupportsIndirectInputEvents = YES;
				INFOPLIST_KEY_UILaunchScreen_Generation = YES;
				INFOPLIST_KEY_UISupportedInterfaceOrientations_iPad = "UIInterfaceOrientationPortrait UIInterfaceOrientationPortraitUpsideDown UIInterfaceOrientationLandscapeLeft UIInterfaceOrientationLandscapeRight";
				INFOPLIST_KEY_UISupportedInterfaceOrientations_iPhone = "UIInterfaceOrientationPortrait UIInterfaceOrientationLandscapeLeft UIInterfaceOrientationLandscapeRight";
				LD_RUNPATH_SEARCH_PATHS = (
					"$(inherited)",
					"@executable_path/Frameworks",
				);
				MARKETING_VERSION = 1.0;
				PRODUCT_BUNDLE_IDENTIFIER = "com.julia.academic-reminder";
				PRODUCT_NAME = "$(TARGET_NAME)";
				SWIFT_EMIT_LOC_STRINGS = YES;
				SWIFT_VERSION = 5.0;
				TARGETED_DEVICE_FAMILY = "1,2";
			};
			name = Release;
		};
/* End XCBuildConfiguration section */

/* Begin XCConfigurationList section */
		A32928E12C790865007B1869 /* Build configuration list for PBXProject "academic-reminder" */ = {
			isa = XCConfigurationList;
			buildConfigurations = (
				A32928F22C790866007B1869 /* Debug */,
				A32928F32C790866007B1869 /* Release */,
			);
			defaultConfigurationIsVisible = 0;
			defaultConfigurationName = Release;
		};
		A32928F42C790866007B1869 /* Build configuration list for PBXNativeTarget "academic-reminder" */ = {
			isa = XCConfigurationList;
			buildConfigurations = (
				A32928F52C790866007B1869 /* Debug */,
				A32928F62C790866007B1869 /* Release */,
			);
			defaultConfigurationIsVisible = 0;
			defaultConfigurationName = Release;
		};
/* End XCConfigurationList section */
	};
	rootObject = A32928DE2C790865007B1869 /* Project object */;
}
